
Microsoft Visual Studio Solution File, Format Version 11.00
# Visual Studio 2010
Project("{159641D6-6404-4A2A-AE62-294DE0FE8301}") = "Troubleshooting", "Troubleshooting\Troubleshooting.dtproj", "{0E241817-B1E3-4005-A876-900B1E9B0C6F}"
EndProject
Global
	GlobalSection(SolutionConfigurationPlatforms) = preSolution
		Development|Default = Development|Default
	EndGlobalSection
	GlobalSection(ProjectConfigurationPlatforms) = postSolution
		{0E241817-B1E3-4005-A876-900B1E9B0C6F}.Development|Default.ActiveCfg = Development
		{0E241817-B1E3-4005-A876-900B1E9B0C6F}.Development|Default.Build.0 = Development
	EndGlobalSection
	GlobalSection(SolutionProperties) = preSolution
		HideSolutionNode = FALSE
	EndGlobalSection
EndGlobal
